
Microsoft Visual Studio Solution File, Format Version 12.00
# Visual Studio 15
VisualStudioVersion = 15.0.27130.2010
MinimumVisualStudioVersion = 10.0.40219.1
Project("{FAE04EC0-301F-11D3-BF4B-00C04F79EFBC}") = "FirmaKurierska", "FirmaKurierska\FirmaKurierska.csproj", "{28C96570-EDEE-4815-9A16-D0C8406AB2D8}"
EndProject
Global
	GlobalSection(SolutionConfigurationPlatforms) = preSolution
		Debug|Any CPU = Debug|Any CPU
		Release|Any CPU = Release|Any CPU
	EndGlobalSection
	GlobalSection(ProjectConfigurationPlatforms) = postSolution
		{28C96570-EDEE-4815-9A16-D0C8406AB2D8}.Debug|Any CPU.ActiveCfg = Debug|Any CPU
		{28C96570-EDEE-4815-9A16-D0C8406AB2D8}.Debug|Any CPU.Build.0 = Debug|Any CPU
		{28C96570-EDEE-4815-9A16-D0C8406AB2D8}.Release|Any CPU.ActiveCfg = Release|Any CPU
		{28C96570-EDEE-4815-9A16-D0C8406AB2D8}.Release|Any CPU.Build.0 = Release|Any CPU
	EndGlobalSection
	GlobalSection(SolutionProperties) = preSolution
		HideSolutionNode = FALSE
	EndGlobalSection
	GlobalSection(ExtensibilityGlobals) = postSolution
		SolutionGuid = {594441CE-E24F-42CF-B1D5-34AE86FDBEF3}
	EndGlobalSection
EndGlobal
